PODS:
  - YYQCategory (0.1.0):
    - YYQCategory/CALayer (= 0.1.0)
    - YYQCategory/NSArray (= 0.1.0)
  - YYQCategory/CALayer (0.1.0)
  - YYQCategory/NSArray (0.1.0)

DEPENDENCIES:
  - YYQCategory (from `../`)

EXTERNAL SOURCES:
  YYQCategory:
    :path: ../

SPEC CHECKSUMS:
  YYQCategory: 4d7d4d718312f77be71822be3be1919ce3281f0d

PODFILE CHECKSUM: 0e11db44d5c2a66beb5380656bd3e8db60535863

COCOAPODS: 1.4.0.beta.1
